Microsoft Visual Studio Solution File, Format Version 12.00
# Visual Studio Version 17
VisualStudioVersion = 17.5.2.0
MinimumVisualStudioVersion = 10.0.40219.1
Project("{FAE04EC0-301F-11D3-BF4B-00C04F79EFBC}") = "Genericts", "Genericts.csproj", "{048ABBF7-A6EC-B665-9BA8-06642EEAB53A}"
EndProject
Global
	GlobalSection(SolutionConfigurationPlatforms) = preSolution
		Debug|Any CPU = Debug|Any CPU
		Release|Any CPU = Release|Any CPU
	EndGlobalSection
	GlobalSection(ProjectConfigurationPlatforms) = postSolution
		{048ABBF7-A6EC-B665-9BA8-06642EEAB53A}.Debug|Any CPU.ActiveCfg = Debug|Any CPU
		{048ABBF7-A6EC-B665-9BA8-06642EEAB53A}.Debug|Any CPU.Build.0 = Debug|Any CPU
		{048ABBF7-A6EC-B665-9BA8-06642EEAB53A}.Release|Any CPU.ActiveCfg = Release|Any CPU
		{048ABBF7-A6EC-B665-9BA8-06642EEAB53A}.Release|Any CPU.Build.0 = Release|Any CPU
	EndGlobalSection
	GlobalSection(SolutionProperties) = preSolution
		HideSolutionNode = FALSE
	EndGlobalSection
	GlobalSection(ExtensibilityGlobals) = postSolution
		SolutionGuid = {67A52039-01DB-495B-837A-8E08D9D9A410}
	EndGlobalSection
EndGlobal
