
Microsoft Visual Studio Solution File, Format Version 12.00
# Visual Studio Version 17
VisualStudioVersion = 17.12.35707.178 d17.12
MinimumVisualStudioVersion = 10.0.40219.1
Project("{FAE04EC0-301F-11D3-BF4B-00C04F79EFBC}") = "ExercicioFuncionario", "ExercicioFuncionario\ExercicioFuncionario.csproj", "{434509BB-0799-4554-9FE6-77BAFF12D3CC}"
EndProject
Global
	GlobalSection(SolutionConfigurationPlatforms) = preSolution
		Debug|Any CPU = Debug|Any CPU
		Release|Any CPU = Release|Any CPU
	EndGlobalSection
	GlobalSection(ProjectConfigurationPlatforms) = postSolution
		{434509BB-0799-4554-9FE6-77BAFF12D3CC}.Debug|Any CPU.ActiveCfg = Debug|Any CPU
		{434509BB-0799-4554-9FE6-77BAFF12D3CC}.Debug|Any CPU.Build.0 = Debug|Any CPU
		{434509BB-0799-4554-9FE6-77BAFF12D3CC}.Release|Any CPU.ActiveCfg = Release|Any CPU
		{434509BB-0799-4554-9FE6-77BAFF12D3CC}.Release|Any CPU.Build.0 = Release|Any CPU
	EndGlobalSection
	GlobalSection(SolutionProperties) = preSolution
		HideSolutionNode = FALSE
	EndGlobalSection
EndGlobal
